
Microsoft Visual Studio Solution File, Format Version 12.00
# Visual Studio Version 16
VisualStudioVersion = 16.0.31129.286
MinimumVisualStudioVersion = 10.0.40219.1
Project("{159641D6-6404-4A2A-AE62-294DE0FE8301}") = "SSIS_Pedidos", "SSIS_Pedidos\SSIS_Pedidos.dtproj", "{FF7E9865-5510-4218-92DE-5ECCB893BFBF}"
EndProject
Global
	GlobalSection(SolutionConfigurationPlatforms) = preSolution
		Development|Default = Development|Default
	EndGlobalSection
	GlobalSection(ProjectConfigurationPlatforms) = postSolution
		{FF7E9865-5510-4218-92DE-5ECCB893BFBF}.Development|Default.ActiveCfg = Development
		{FF7E9865-5510-4218-92DE-5ECCB893BFBF}.Development|Default.Build.0 = Development
	EndGlobalSection
	GlobalSection(SolutionProperties) = preSolution
		HideSolutionNode = FALSE
	EndGlobalSection
	GlobalSection(ExtensibilityGlobals) = postSolution
		SolutionGuid = {8C787530-7444-4AE2-B4AE-D5E837A85088}
	EndGlobalSection
EndGlobal
